
Microsoft Visual Studio Solution File, Format Version 12.00
# Visual Studio Version 17
VisualStudioVersion = 17.4.33205.214
MinimumVisualStudioVersion = 10.0.40219.1
Project("{FAE04EC0-301F-11D3-BF4B-00C04F79EFBC}") = "factorydesignPattern", "factorydesignPattern\factorydesignPattern.csproj", "{A987947F-546C-4EF8-9E55-85FAD62D1807}"
EndProject
Project("{FAE04EC0-301F-11D3-BF4B-00C04F79EFBC}") = "TestProject1", "TestProject1\TestProject1.csproj", "{BD2E01C8-C0C9-421B-9F8B-706A88278D6F}"
EndProject
Global
	GlobalSection(SolutionConfigurationPlatforms) = preSolution
		Debug|Any CPU = Debug|Any CPU
		Release|Any CPU = Release|Any CPU
	EndGlobalSection
	GlobalSection(ProjectConfigurationPlatforms) = postSolution
		{A987947F-546C-4EF8-9E55-85FAD62D1807}.Debug|Any CPU.ActiveCfg = Debug|Any CPU
		{A987947F-546C-4EF8-9E55-85FAD62D1807}.Debug|Any CPU.Build.0 = Debug|Any CPU
		{A987947F-546C-4EF8-9E55-85FAD62D1807}.Release|Any CPU.ActiveCfg = Release|Any CPU
		{A987947F-546C-4EF8-9E55-85FAD62D1807}.Release|Any CPU.Build.0 = Release|Any CPU
		{BD2E01C8-C0C9-421B-9F8B-706A88278D6F}.Debug|Any CPU.ActiveCfg = Debug|Any CPU
		{BD2E01C8-C0C9-421B-9F8B-706A88278D6F}.Debug|Any CPU.Build.0 = Debug|Any CPU
		{BD2E01C8-C0C9-421B-9F8B-706A88278D6F}.Release|Any CPU.ActiveCfg = Release|Any CPU
		{BD2E01C8-C0C9-421B-9F8B-706A88278D6F}.Release|Any CPU.Build.0 = Release|Any CPU
	EndGlobalSection
	GlobalSection(SolutionProperties) = preSolution
		HideSolutionNode = FALSE
	EndGlobalSection
	GlobalSection(ExtensibilityGlobals) = postSolution
		SolutionGuid = {EC25F091-1CEE-4DFF-A91A-7C13EAC53049}
	EndGlobalSection
EndGlobal
