
Microsoft Visual Studio Solution File, Format Version 12.00
# Visual Studio Version 17
VisualStudioVersion = 17.4.33205.214
MinimumVisualStudioVersion = 10.0.40219.1
Project("{FAE04EC0-301F-11D3-BF4B-00C04F79EFBC}") = "week8", "week8\week8.csproj", "{98374769-1C9C-454E-ACED-CF32141BC3E2}"
EndProject
Global
	GlobalSection(SolutionConfigurationPlatforms) = preSolution
		Debug|Any CPU = Debug|Any CPU
		Release|Any CPU = Release|Any CPU
	EndGlobalSection
	GlobalSection(ProjectConfigurationPlatforms) = postSolution
		{98374769-1C9C-454E-ACED-CF32141BC3E2}.Debug|Any CPU.ActiveCfg = Debug|Any CPU
		{98374769-1C9C-454E-ACED-CF32141BC3E2}.Debug|Any CPU.Build.0 = Debug|Any CPU
		{98374769-1C9C-454E-ACED-CF32141BC3E2}.Release|Any CPU.ActiveCfg = Release|Any CPU
		{98374769-1C9C-454E-ACED-CF32141BC3E2}.Release|Any CPU.Build.0 = Release|Any CPU
	EndGlobalSection
	GlobalSection(SolutionProperties) = preSolution
		HideSolutionNode = FALSE
	EndGlobalSection
	GlobalSection(ExtensibilityGlobals) = postSolution
		SolutionGuid = {E6FC2FC2-F618-4A31-8D3A-AD8D3C698059}
	EndGlobalSection
EndGlobal
